
Microsoft Visual Studio Solution File, Format Version 12.00
# Visual Studio Version 17
VisualStudioVersion = 17.2.32519.379
MinimumVisualStudioVersion = 10.0.40219.1
Project("{FAE04EC0-301F-11D3-BF4B-00C04F79EFBC}") = "PryLedoIE", "PryLedoIE.csproj", "{B9C7EC95-9083-4BDB-A0AA-C27082CF0693}"
EndProject
Global
	GlobalSection(SolutionConfigurationPlatforms) = preSolution
		Debug|Any CPU = Debug|Any CPU
		Release|Any CPU = Release|Any CPU
	EndGlobalSection
	GlobalSection(ProjectConfigurationPlatforms) = postSolution
		{B9C7EC95-9083-4BDB-A0AA-C27082CF0693}.Debug|Any CPU.ActiveCfg = Debug|Any CPU
		{B9C7EC95-9083-4BDB-A0AA-C27082CF0693}.Debug|Any CPU.Build.0 = Debug|Any CPU
		{B9C7EC95-9083-4BDB-A0AA-C27082CF0693}.Release|Any CPU.ActiveCfg = Release|Any CPU
		{B9C7EC95-9083-4BDB-A0AA-C27082CF0693}.Release|Any CPU.Build.0 = Release|Any CPU
	EndGlobalSection
	GlobalSection(SolutionProperties) = preSolution
		HideSolutionNode = FALSE
	EndGlobalSection
	GlobalSection(ExtensibilityGlobals) = postSolution
		SolutionGuid = {127CAB9D-8A29-470C-865A-7AF61F6B269F}
	EndGlobalSection
EndGlobal
